<?xml version="1.0" encoding="utf-8"?>
<Project ToolsVersion="4.0" xmlns="http://schemas.microsoft.com/developer/msbuild/2003">
  <ItemGroup>
    <Filter Include="KamataEngine">
      <UniqueIdentifier>{4FC737F1-C7A5-4376-A066-2A32D752A2FF}</UniqueIdentifier>
      <Extensions>cpp;c;cc;cxx;c++;cppm;ixx;def;odl;idl;hpj;bat;asm;asmx</Extensions>
    </Filter>
    <Filter Include="KamataEngine\Source">
      <UniqueIdentifier>{d966e9f8-e880-44ae-8586-a08515e4cffc}</UniqueIdentifier>
    </Filter>
    <Filter Include="KamataEngine\Include">
      <UniqueIdentifier>{4aae4e40-94f7-4d32-9a91-c0c37a2edf0d}</UniqueIdentifier>
    </Filter>
    <Filter Include="KamataEngine\Adapter">
      <UniqueIdentifier>{c6468eb4-788b-4a83-b207-a5f4804e56c5}</UniqueIdentifier>
    </Filter>
    <Filter Include="KeyInput">
      <UniqueIdentifier>{4074088b-ef8f-4421-afd5-f1ce1efe3606}</UniqueIdentifier>
    </Filter>
    <Filter Include="Player">
      <UniqueIdentifier>{ba4554c7-8c67-48d2-a9bf-67d43a66c5b9}</UniqueIdentifier>
    </Filter>
    <Filter Include="Enemy">
      <UniqueIdentifier>{6696f569-9f67-47ed-b30b-6c03c37117e7}</UniqueIdentifier>
    </Filter>
    <Filter Include="SceneManager">
      <UniqueIdentifier>{491c2b92-5d62-4068-9719-9314683c34fa}</UniqueIdentifier>
    </Filter>
    <Filter Include="SceneManager\Fade">
      <UniqueIdentifier>{d0c373fa-1b58-41af-bdc5-dcadc3c61438}</UniqueIdentifier>
    </Filter>
    <Filter Include="Utils">
      <UniqueIdentifier>{888eb73e-0b7d-4c49-a60b-758ae761253c}</UniqueIdentifier>
    </Filter>
    <Filter Include="Utils\Easeing">
      <UniqueIdentifier>{aa251be8-36c5-47a6-9dd0-d0981b6c2a42}</UniqueIdentifier>
    </Filter>
    <Filter Include="Utils\UtilsLib">
      <UniqueIdentifier>{39577aed-a585-4541-aa80-de055dd99232}</UniqueIdentifier>
    </Filter>
    <Filter Include="SceneManager\GameScene">
      <UniqueIdentifier>{b0800513-640c-4e7e-ac51-dce2489ef17a}</UniqueIdentifier>
    </Filter>
    <Filter Include="FrameInfo">
      <UniqueIdentifier>{349c05e3-1b68-4de9-b6c2-e247623d10ac}</UniqueIdentifier>
    </Filter>
    <Filter Include="Utils\Math">
      <UniqueIdentifier>{5ad6493f-6365-41a6-8105-48c420f4c88b}</UniqueIdentifier>
    </Filter>
    <Filter Include="Utils\ExecutionLog">
      <UniqueIdentifier>{fe3adfd7-79a9-4bc1-a119-ef0286fc06b5}</UniqueIdentifier>
    </Filter>
    <Filter Include="Bullet">
      <UniqueIdentifier>{6050f8c6-1ee0-46c6-8545-110435da38ea}</UniqueIdentifier>
    </Filter>
    <Filter Include="CricleObject">
      <UniqueIdentifier>{a67f3686-e350-4d66-b3e7-42d6f57b72c7}</UniqueIdentifier>
    </Filter>
    <Filter Include="SceneManager\TitleScene">
      <UniqueIdentifier>{d2500003-f923-4c52-b695-35f25c1200e9}</UniqueIdentifier>
    </Filter>
    <Filter Include="SceneManager\ClearScene">
      <UniqueIdentifier>{29c15239-d16a-44ff-81fe-26c92466241e}</UniqueIdentifier>
    </Filter>
  </ItemGroup>
  <ItemGroup>
    <ClCompile Include="C:\KamataEngine\DirectXGame\base\DirectXCommon.cpp">
      <Filter>KamataEngine\Source</Filter>
    </ClCompile>
    <ClCompile Include="C:\KamataEngine\DirectXGame\base\TextureManager.cpp">
      <Filter>KamataEngine\Source</Filter>
    </ClCompile>
    <ClCompile Include="C:\KamataEngine\DirectXGame\scene\GameScene.cpp">
      <Filter>KamataEngine\Source</Filter>
    </ClCompile>
    <ClCompile Include="C:\KamataEngine\DirectXGame\base\WinApp.cpp">
      <Filter>KamataEngine\Source</Filter>
    </ClCompile>
    <ClCompile Include="main.cpp" />
    <ClCompile Include="C:\KamataEngine\Adapter\Novice.cpp">
      <Filter>KamataEngine\Adapter</Filter>
    </ClCompile>
    <ClCompile Include="C:\KamataEngine\DirectXGame\2d\ImGuiManager.cpp">
      <Filter>KamataEngine</Filter>
    </ClCompile>
    <ClCompile Include="C:\KamataEngine\DirectXGame\base\StringUtility.cpp">
      <Filter>KamataEngine\Source</Filter>
    </ClCompile>
    <ClCompile Include="KeyInput\KeyInput.cpp">
      <Filter>KeyInput</Filter>
    </ClCompile>
    <ClCompile Include="SceneManager\SceneManager.cpp">
      <Filter>SceneManager</Filter>
    </ClCompile>
    <ClCompile Include="SceneManager\Fade\Fade.cpp">
      <Filter>SceneManager\Fade</Filter>
    </ClCompile>
    <ClCompile Include="SceneManager\GameScene\Game.cpp">
      <Filter>SceneManager\GameScene</Filter>
    </ClCompile>
    <ClCompile Include="FrameInfo\FrameInfo.cpp">
      <Filter>FrameInfo</Filter>
    </ClCompile>
    <ClCompile Include="Utils\Math\Vector4D.cpp">
      <Filter>Utils\Math</Filter>
    </ClCompile>
    <ClCompile Include="Utils\Math\Vector2D.cpp">
      <Filter>Utils\Math</Filter>
    </ClCompile>
    <ClCompile Include="Utils\Math\Vector3D.cpp">
      <Filter>Utils\Math</Filter>
    </ClCompile>
    <ClCompile Include="Utils\ExecutionLog\ExecutionLog.cpp">
      <Filter>Utils\ExecutionLog</Filter>
    </ClCompile>
    <ClCompile Include="Utils\UtilsLib\UtilsLib.cpp">
      <Filter>Utils\UtilsLib</Filter>
    </ClCompile>
    <ClCompile Include="Utils\Easeing\Easeing.cpp">
      <Filter>Utils\Easeing</Filter>
    </ClCompile>
    <ClCompile Include="Player\Player.cpp">
      <Filter>Player</Filter>
    </ClCompile>
    <ClCompile Include="Bullet\Bullet.cpp">
      <Filter>Bullet</Filter>
    </ClCompile>
    <ClCompile Include="CricleObject\CricleObject.cpp">
      <Filter>CricleObject</Filter>
    </ClCompile>
    <ClCompile Include="Enemy\Enemy.cpp">
      <Filter>Enemy</Filter>
    </ClCompile>
    <ClCompile Include="SceneManager\ClearScene\ClearScene.cpp">
      <Filter>SceneManager\ClearScene</Filter>
    </ClCompile>
    <ClCompile Include="SceneManager\TitleScene\TitleScene.cpp">
      <Filter>SceneManager\TitleScene</Filter>
    </ClCompile>
  </ItemGroup>
  <ItemGroup>
    <ClInclude Include="C:\KamataEngine\DirectXGame\audio\Audio.h">
      <Filter>KamataEngine\Include</Filter>
    </ClInclude>
    <ClInclude Include="C:\KamataEngine\DirectXGame\2d\DebugText.h">
      <Filter>KamataEngine\Include</Filter>
    </ClInclude>
    <ClInclude Include="C:\KamataEngine\DirectXGame\base\DirectXCommon.h">
      <Filter>KamataEngine\Include</Filter>
    </ClInclude>
    <ClInclude Include="C:\KamataEngine\DirectXGame\scene\GameScene.h">
      <Filter>KamataEngine\Include</Filter>
    </ClInclude>
    <ClInclude Include="C:\KamataEngine\DirectXGame\input\Input.h">
      <Filter>KamataEngine\Include</Filter>
    </ClInclude>
    <ClInclude Include="C:\KamataEngine\DirectXGame\3d\Model.h">
      <Filter>KamataEngine\Include</Filter>
    </ClInclude>
    <ClInclude Include="C:\KamataEngine\DirectXGame\base\SafeDelete.h">
      <Filter>KamataEngine\Include</Filter>
    </ClInclude>
    <ClInclude Include="C:\KamataEngine\DirectXGame\2d\Sprite.h">
      <Filter>KamataEngine\Include</Filter>
    </ClInclude>
    <ClInclude Include="C:\KamataEngine\DirectXGame\base\TextureManager.h">
      <Filter>KamataEngine\Include</Filter>
    </ClInclude>
    <ClInclude Include="C:\KamataEngine\DirectXGame\3d\ViewProjection.h">
      <Filter>KamataEngine\Include</Filter>
    </ClInclude>
    <ClInclude Include="C:\KamataEngine\DirectXGame\base\WinApp.h">
      <Filter>KamataEngine\Include</Filter>
    </ClInclude>
    <ClInclude Include="C:\KamataEngine\DirectXGame\3d\WorldTransform.h">
      <Filter>KamataEngine\Include</Filter>
    </ClInclude>
    <ClInclude Include="C:\KamataEngine\Adapter\Novice.h">
      <Filter>KamataEngine\Adapter</Filter>
    </ClInclude>
    <ClInclude Include="C:\KamataEngine\DirectXGame\3d\CircleShadow.h">
      <Filter>KamataEngine\Include</Filter>
    </ClInclude>
    <ClInclude Include="C:\KamataEngine\DirectXGame\3d\DebugCamera.h">
      <Filter>KamataEngine\Include</Filter>
    </ClInclude>
    <ClInclude Include="C:\KamataEngine\DirectXGame\3d\DirectionalLight.h">
      <Filter>KamataEngine\Include</Filter>
    </ClInclude>
    <ClInclude Include="C:\KamataEngine\DirectXGame\3d\LightGroup.h">
      <Filter>KamataEngine\Include</Filter>
    </ClInclude>
    <ClInclude Include="C:\KamataEngine\DirectXGame\3d\Material.h">
      <Filter>KamataEngine\Include</Filter>
    </ClInclude>
    <ClInclude Include="C:\KamataEngine\DirectXGame\3d\Mesh.h">
      <Filter>KamataEngine\Include</Filter>
    </ClInclude>
    <ClInclude Include="C:\KamataEngine\DirectXGame\3d\PointLight.h">
      <Filter>KamataEngine\Include</Filter>
    </ClInclude>
    <ClInclude Include="C:\KamataEngine\DirectXGame\3d\SpotLight.h">
      <Filter>KamataEngine\Include</Filter>
    </ClInclude>
    <ClInclude Include="C:\KamataEngine\DirectXGame\math\Matrix4x4.h" />
    <ClInclude Include="C:\KamataEngine\DirectXGame\math\Vector2.h" />
    <ClInclude Include="C:\KamataEngine\DirectXGame\math\Vector3.h" />
    <ClInclude Include="C:\KamataEngine\DirectXGame\math\Vector4.h" />
    <ClInclude Include="C:\KamataEngine\DirectXGame\2d\ImGuiManager.h" />
    <ClInclude Include="C:\KamataEngine\DirectXGame\base\StringUtility.h">
      <Filter>KamataEngine\Include</Filter>
    </ClInclude>
    <ClInclude Include="KeyInput\KeyInput.h">
      <Filter>KeyInput</Filter>
    </ClInclude>
    <ClInclude Include="SceneManager\SceneManager.h">
      <Filter>SceneManager</Filter>
    </ClInclude>
    <ClInclude Include="SceneManager\Fade\Fade.h">
      <Filter>SceneManager\Fade</Filter>
    </ClInclude>
    <ClInclude Include="SceneManager\GameScene\Game.h">
      <Filter>SceneManager\GameScene</Filter>
    </ClInclude>
    <ClInclude Include="FrameInfo\FrameInfo.h">
      <Filter>FrameInfo</Filter>
    </ClInclude>
    <ClInclude Include="Utils\Math\Vector4D.h">
      <Filter>Utils\Math</Filter>
    </ClInclude>
    <ClInclude Include="Utils\Math\Vector2D.h">
      <Filter>Utils\Math</Filter>
    </ClInclude>
    <ClInclude Include="Utils\Math\Vector3D.h">
      <Filter>Utils\Math</Filter>
    </ClInclude>
    <ClInclude Include="Utils\ExecutionLog\ExecutionLog.h">
      <Filter>Utils\ExecutionLog</Filter>
    </ClInclude>
    <ClInclude Include="Utils\UtilsLib\UtilsLib.h">
      <Filter>Utils\UtilsLib</Filter>
    </ClInclude>
    <ClInclude Include="Utils\Easeing\Easeing.h">
      <Filter>Utils\Easeing</Filter>
    </ClInclude>
    <ClInclude Include="Player\Player.h">
      <Filter>Player</Filter>
    </ClInclude>
    <ClInclude Include="Bullet\Bullet.h">
      <Filter>Bullet</Filter>
    </ClInclude>
    <ClInclude Include="CricleObject\CricleObject.h">
      <Filter>CricleObject</Filter>
    </ClInclude>
    <ClInclude Include="Enemy\Enemy.h">
      <Filter>Enemy</Filter>
    </ClInclude>
    <ClInclude Include="SceneManager\ClearScene\ClearScene.h">
      <Filter>SceneManager\ClearScene</Filter>
    </ClInclude>
    <ClInclude Include="SceneManager\TitleScene\TitleScene.h">
      <Filter>SceneManager\TitleScene</Filter>
    </ClInclude>
  </ItemGroup>
</Project>